
Microsoft Visual Studio Solution File, Format Version 12.00
# Visual Studio Version 16
VisualStudioVersion = 16.0.31605.320
MinimumVisualStudioVersion = 10.0.40219.1
Project("{FAE04EC0-301F-11D3-BF4B-00C04F79EFBC}") = "MonoPong", "MonoPong\MonoPong.csproj", "{E39CE4DA-8BD1-480A-903D-770C0125FD8E}"
EndProject
Global
	GlobalSection(SolutionConfigurationPlatforms) = preSolution
		Debug|Any CPU = Debug|Any CPU
		Release|Any CPU = Release|Any CPU
	EndGlobalSection
	GlobalSection(ProjectConfigurationPlatforms) = postSolution
		{E39CE4DA-8BD1-480A-903D-770C0125FD8E}.Debug|Any CPU.ActiveCfg = Debug|Any CPU
		{E39CE4DA-8BD1-480A-903D-770C0125FD8E}.Debug|Any CPU.Build.0 = Debug|Any CPU
		{E39CE4DA-8BD1-480A-903D-770C0125FD8E}.Release|Any CPU.ActiveCfg = Release|Any CPU
		{E39CE4DA-8BD1-480A-903D-770C0125FD8E}.Release|Any CPU.Build.0 = Release|Any CPU
	EndGlobalSection
	GlobalSection(SolutionProperties) = preSolution
		HideSolutionNode = FALSE
	EndGlobalSection
	GlobalSection(ExtensibilityGlobals) = postSolution
		SolutionGuid = {319BDAE1-93D9-4564-ADEC-9E31F3F00B7F}
	EndGlobalSection
EndGlobal
